
Microsoft Visual Studio Solution File, Format Version 12.00
# Visual Studio Version 16
VisualStudioVersion = 16.0.33801.447
MinimumVisualStudioVersion = 10.0.40219.1
Project("{FAE04EC0-301F-11D3-BF4B-00C04F79EFBC}") = "xyz2enu", "xyz2enu\xyz2enu.csproj", "{49A3DD2B-8A3D-44E5-B7F4-029FF725B5DA}"
EndProject
Global
	GlobalSection(SolutionConfigurationPlatforms) = preSolution
		Debug|Any CPU = Debug|Any CPU
		Release|Any CPU = Release|Any CPU
	EndGlobalSection
	GlobalSection(ProjectConfigurationPlatforms) = postSolution
		{49A3DD2B-8A3D-44E5-B7F4-029FF725B5DA}.Debug|Any CPU.ActiveCfg = Debug|Any CPU
		{49A3DD2B-8A3D-44E5-B7F4-029FF725B5DA}.Debug|Any CPU.Build.0 = Debug|Any CPU
		{49A3DD2B-8A3D-44E5-B7F4-029FF725B5DA}.Release|Any CPU.ActiveCfg = Release|Any CPU
		{49A3DD2B-8A3D-44E5-B7F4-029FF725B5DA}.Release|Any CPU.Build.0 = Release|Any CPU
	EndGlobalSection
	GlobalSection(SolutionProperties) = preSolution
		HideSolutionNode = FALSE
	EndGlobalSection
	GlobalSection(ExtensibilityGlobals) = postSolution
		SolutionGuid = {B0D3C119-26F2-4737-8188-15386BA7742D}
	EndGlobalSection
EndGlobal
